{
    "_readme": [
        "This file locks the dependencies of your project to a known state",
        "Read more about it at https://getcomposer.org/doc/01-basic-usage.md#installing-dependencies",
        "This file is @generated automatically"
    ],
    "content-hash": "77fedaca235c7a7d40e2a2c3d47be17e",
    "packages": [
        {
            "name": "hexlet/trees",
            "version": "dev-master",
            "source": {
                "type": "git",
                "url": "https://github.com/hexlet-components/php-immutable-fs-trees.git",
                "reference": "15d14babd0836b25cd9f3560fbd7f982730c8e53"
            },
            "dist": {
                "type": "zip",
                "url": "https://api.github.com/repos/hexlet-components/php-immutable-fs-trees/zipball/15d14babd0836b25cd9f3560fbd7f982730c8e53",
                "reference": "15d14babd0836b25cd9f3560fbd7f982730c8e53",
                "shasum": ""
            },
            "require": {
                "php": ">=7.4.0"
            },
            "require-dev": {
                "phpunit/phpunit": "^9.5",
                "squizlabs/php_codesniffer": "^3.5"
            },
            "default-branch": true,
            "type": "library",
            "autoload": {
                "files": [
                    "src/trees.php"
                ]
            },
            "scripts": {
                "phpcs": [
                    "phpcs"
                ],
                "phpunit": [
                    "phpunit"
                ],
                "test": [
                    "phpunit tests"
                ]
            },
            "license": [
                "MIT"
            ],
            "authors": [
                {
                    "name": "Sergey Karpuk",
                    "email": "sergey.k@hexlet.io"
                }
            ],
            "description": "Trees implementation",
            "keywords": [
                "hexlet",
                "trees"
            ],
            "support": {
                "source": "https://github.com/hexlet-components/php-immutable-fs-trees/tree/master",
                "issues": "https://github.com/hexlet-components/php-immutable-fs-trees/issues"
            },
            "time": "2021-06-16T11:15:04+00:00"
        }
    ],
    "packages-dev": [],
    "aliases": [],
    "minimum-stability": "stable",
    "stability-flags": {
        "hexlet/trees": 20
    },
    "prefer-stable": false,
    "prefer-lowest": false,
    "platform": [],
    "platform-dev": [],
    "plugin-api-version": "2.1.0"
}
